
Microsoft Visual Studio Solution File, Format Version 12.00
# Visual Studio Version 16
VisualStudioVersion = 16.0.30320.27
MinimumVisualStudioVersion = 10.0.40219.1
Project("{2150E333-8FDC-42A3-9474-1A3956D46DE8}") = "Generator", "Generator", "{0CD834A7-F850-4498-B145-F42EB2CB9EB3}"
EndProject
Project("{9A19103F-16F7-4668-BE54-9A1E7A4F7556}") = "HackPleasanterApi.Generator.CodeGenerator", "Generator\HackPleasanterApi.Generator.CodeGenerator\HackPleasanterApi.Generator.CodeGenerator.csproj", "{1E8E5B7C-8FBC-4E85-ADC6-3EE86EE3D53A}"
EndProject
Project("{2150E333-8FDC-42A3-9474-1A3956D46DE8}") = "Working", "Working", "{67ACB997-36A2-4934-B6F9-2E42A132BBAE}"
EndProject
Project("{9A19103F-16F7-4668-BE54-9A1E7A4F7556}") = "HackPleasanterApi.Generator.Library", "Generator\HackPleasanterApi.Generator.Library\HackPleasanterApi.Generator.Library.csproj", "{3DAA3B4D-4FA0-4690-88D5-774F75AE4ECD}"
EndProject
Project("{9A19103F-16F7-4668-BE54-9A1E7A4F7556}") = "HackPleasanterApi.Generator.JsonDefinitionExtractor", "Generator\HackPleasanterApi.Generator.JsonDefinitionExtractor\HackPleasanterApi.Generator.JsonDefinitionExtractor.csproj", "{9BB27919-3081-41C8-869E-D39E962EC987}"
EndProject
Project("{FAE04EC0-301F-11D3-BF4B-00C04F79EFBC}") = "EntranceCommand", "Generator\EntranceCommand\EntranceCommand.csproj", "{E9922AAA-B8EF-4058-A0AD-0C7B59E1B923}"
EndProject
Global
	GlobalSection(SolutionConfigurationPlatforms) = preSolution
		Debug|Any CPU = Debug|Any CPU
		Release|Any CPU = Release|Any CPU
	EndGlobalSection
	GlobalSection(ProjectConfigurationPlatforms) = postSolution
		{1E8E5B7C-8FBC-4E85-ADC6-3EE86EE3D53A}.Debug|Any CPU.ActiveCfg = Debug|Any CPU
		{1E8E5B7C-8FBC-4E85-ADC6-3EE86EE3D53A}.Debug|Any CPU.Build.0 = Debug|Any CPU
		{1E8E5B7C-8FBC-4E85-ADC6-3EE86EE3D53A}.Release|Any CPU.ActiveCfg = Release|Any CPU
		{1E8E5B7C-8FBC-4E85-ADC6-3EE86EE3D53A}.Release|Any CPU.Build.0 = Release|Any CPU
		{3DAA3B4D-4FA0-4690-88D5-774F75AE4ECD}.Debug|Any CPU.ActiveCfg = Debug|Any CPU
		{3DAA3B4D-4FA0-4690-88D5-774F75AE4ECD}.Debug|Any CPU.Build.0 = Debug|Any CPU
		{3DAA3B4D-4FA0-4690-88D5-774F75AE4ECD}.Release|Any CPU.ActiveCfg = Release|Any CPU
		{3DAA3B4D-4FA0-4690-88D5-774F75AE4ECD}.Release|Any CPU.Build.0 = Release|Any CPU
		{9BB27919-3081-41C8-869E-D39E962EC987}.Debug|Any CPU.ActiveCfg = Debug|Any CPU
		{9BB27919-3081-41C8-869E-D39E962EC987}.Debug|Any CPU.Build.0 = Debug|Any CPU
		{9BB27919-3081-41C8-869E-D39E962EC987}.Release|Any CPU.ActiveCfg = Release|Any CPU
		{9BB27919-3081-41C8-869E-D39E962EC987}.Release|Any CPU.Build.0 = Release|Any CPU
		{E9922AAA-B8EF-4058-A0AD-0C7B59E1B923}.Debug|Any CPU.ActiveCfg = Debug|Any CPU
		{E9922AAA-B8EF-4058-A0AD-0C7B59E1B923}.Debug|Any CPU.Build.0 = Debug|Any CPU
		{E9922AAA-B8EF-4058-A0AD-0C7B59E1B923}.Release|Any CPU.ActiveCfg = Release|Any CPU
		{E9922AAA-B8EF-4058-A0AD-0C7B59E1B923}.Release|Any CPU.Build.0 = Release|Any CPU
	EndGlobalSection
	GlobalSection(SolutionProperties) = preSolution
		HideSolutionNode = FALSE
	EndGlobalSection
	GlobalSection(NestedProjects) = preSolution
		{1E8E5B7C-8FBC-4E85-ADC6-3EE86EE3D53A} = {0CD834A7-F850-4498-B145-F42EB2CB9EB3}
		{3DAA3B4D-4FA0-4690-88D5-774F75AE4ECD} = {0CD834A7-F850-4498-B145-F42EB2CB9EB3}
		{9BB27919-3081-41C8-869E-D39E962EC987} = {0CD834A7-F850-4498-B145-F42EB2CB9EB3}
		{E9922AAA-B8EF-4058-A0AD-0C7B59E1B923} = {0CD834A7-F850-4498-B145-F42EB2CB9EB3}
	EndGlobalSection
	GlobalSection(ExtensibilityGlobals) = postSolution
		SolutionGuid = {527A3D23-5D06-4C79-8B58-8D76460277D0}
	EndGlobalSection
EndGlobal
