
Microsoft Visual Studio Solution File, Format Version 12.00
# Visual Studio Version 16
VisualStudioVersion = 16.0.30320.27
MinimumVisualStudioVersion = 10.0.40219.1
Project("{2150E333-8FDC-42A3-9474-1A3956D46DE8}") = "Generator", "Generator", "{0CD834A7-F850-4498-B145-F42EB2CB9EB3}"
EndProject
Project("{2150E333-8FDC-42A3-9474-1A3956D46DE8}") = "Client", "Client", "{24ACD8F1-E56C-4164-96E7-CA04CCA80698}"
EndProject
Project("{9A19103F-16F7-4668-BE54-9A1E7A4F7556}") = "HackPleasanterApi.Client.Api", "Client\HackPleasanterApi.Client.Api\HackPleasanterApi.Client.Api.csproj", "{C00A6308-722B-4788-9912-B6A9BD216AD2}"
EndProject
Project("{9A19103F-16F7-4668-BE54-9A1E7A4F7556}") = "HackPleasanterApi.Generator.CodeGenerator", "Generator\HackPleasanterApi.Generator.CodeGenerator\HackPleasanterApi.Generator.CodeGenerator.csproj", "{1E8E5B7C-8FBC-4E85-ADC6-3EE86EE3D53A}"
EndProject
Project("{9A19103F-16F7-4668-BE54-9A1E7A4F7556}") = "HackPleasanterApi.Generator.DefinitionExtractor", "Generator\HackPleasanterApi.Generator.DefinitionExtractor\HackPleasanterApi.Generator.DefinitionExtractor.csproj", "{63ED7636-E200-4A23-84EE-3B1C74751CEA}"
EndProject
Project("{2150E333-8FDC-42A3-9474-1A3956D46DE8}") = "Working", "Working", "{67ACB997-36A2-4934-B6F9-2E42A132BBAE}"
	ProjectSection(SolutionItems) = preProject
		Working\CodeGeneratorConfig.xml = Working\CodeGeneratorConfig.xml
		Working\DefinitionExtractorConfig.xml = Working\DefinitionExtractorConfig.xml
	EndProjectSection
EndProject
Project("{2150E333-8FDC-42A3-9474-1A3956D46DE8}") = "Templates", "Templates", "{611E567F-1E44-4C2C-958F-D3FFF7CC5EF6}"
EndProject
Project("{2150E333-8FDC-42A3-9474-1A3956D46DE8}") = "CSharp", "CSharp", "{A4D31250-884E-4BED-B184-9BFC005D5FE5}"
	ProjectSection(SolutionItems) = preProject
		Generator\Templates\CSharp\CodeGeneratorConfig.xml = Generator\Templates\CSharp\CodeGeneratorConfig.xml
		Generator\Templates\CSharp\ModelTemplate.txt = Generator\Templates\CSharp\ModelTemplate.txt
		Generator\Templates\CSharp\ServiceTemplate.txt = Generator\Templates\CSharp\ServiceTemplate.txt
	EndProjectSection
EndProject
Project("{9A19103F-16F7-4668-BE54-9A1E7A4F7556}") = "HackPleasanterApi.Generator.Library", "Generator\HackPleasanterApi.Generator.Library\HackPleasanterApi.Generator.Library.csproj", "{3DAA3B4D-4FA0-4690-88D5-774F75AE4ECD}"
EndProject
Project("{9A19103F-16F7-4668-BE54-9A1E7A4F7556}") = "HackPleasanterApi.Generator.JsonDefinitionExtractor", "Generator\HackPleasanterApi.Generator.JsonDefinitionExtractor\HackPleasanterApi.Generator.JsonDefinitionExtractor.csproj", "{9BB27919-3081-41C8-869E-D39E962EC987}"
EndProject
Project("{2150E333-8FDC-42A3-9474-1A3956D46DE8}") = "Swift", "Swift", "{D895C6AF-A61D-4886-8869-37B46386B945}"
	ProjectSection(SolutionItems) = preProject
		Generator\Templates\Swift\CodeGeneratorConfig.xml = Generator\Templates\Swift\CodeGeneratorConfig.xml
		Generator\Templates\Swift\ModelTemplate.txt = Generator\Templates\Swift\ModelTemplate.txt
		Generator\Templates\Swift\ServiceTemplate.txt = Generator\Templates\Swift\ServiceTemplate.txt
	EndProjectSection
EndProject
Project("{2150E333-8FDC-42A3-9474-1A3956D46DE8}") = "PostgreSQLView", "PostgreSQLView", "{49C9C5FC-2CB1-4164-B47B-6D0717C7787E}"
	ProjectSection(SolutionItems) = preProject
		Generator\Templates\PostgreSQLView\CodeGeneratorConfig.xml = Generator\Templates\PostgreSQLView\CodeGeneratorConfig.xml
		Generator\Templates\PostgreSQLView\CreateViewTemplate.txt = Generator\Templates\PostgreSQLView\CreateViewTemplate.txt
		Generator\Templates\PostgreSQLView\DropViewTemplate.txt = Generator\Templates\PostgreSQLView\DropViewTemplate.txt
	EndProjectSection
EndProject
Global
	GlobalSection(SolutionConfigurationPlatforms) = preSolution
		Debug|Any CPU = Debug|Any CPU
		Release|Any CPU = Release|Any CPU
	EndGlobalSection
	GlobalSection(ProjectConfigurationPlatforms) = postSolution
		{C00A6308-722B-4788-9912-B6A9BD216AD2}.Debug|Any CPU.ActiveCfg = Debug|Any CPU
		{C00A6308-722B-4788-9912-B6A9BD216AD2}.Debug|Any CPU.Build.0 = Debug|Any CPU
		{C00A6308-722B-4788-9912-B6A9BD216AD2}.Release|Any CPU.ActiveCfg = Release|Any CPU
		{C00A6308-722B-4788-9912-B6A9BD216AD2}.Release|Any CPU.Build.0 = Release|Any CPU
		{1E8E5B7C-8FBC-4E85-ADC6-3EE86EE3D53A}.Debug|Any CPU.ActiveCfg = Debug|Any CPU
		{1E8E5B7C-8FBC-4E85-ADC6-3EE86EE3D53A}.Debug|Any CPU.Build.0 = Debug|Any CPU
		{1E8E5B7C-8FBC-4E85-ADC6-3EE86EE3D53A}.Release|Any CPU.ActiveCfg = Release|Any CPU
		{1E8E5B7C-8FBC-4E85-ADC6-3EE86EE3D53A}.Release|Any CPU.Build.0 = Release|Any CPU
		{63ED7636-E200-4A23-84EE-3B1C74751CEA}.Debug|Any CPU.ActiveCfg = Debug|Any CPU
		{63ED7636-E200-4A23-84EE-3B1C74751CEA}.Debug|Any CPU.Build.0 = Debug|Any CPU
		{63ED7636-E200-4A23-84EE-3B1C74751CEA}.Release|Any CPU.ActiveCfg = Release|Any CPU
		{63ED7636-E200-4A23-84EE-3B1C74751CEA}.Release|Any CPU.Build.0 = Release|Any CPU
		{3DAA3B4D-4FA0-4690-88D5-774F75AE4ECD}.Debug|Any CPU.ActiveCfg = Debug|Any CPU
		{3DAA3B4D-4FA0-4690-88D5-774F75AE4ECD}.Debug|Any CPU.Build.0 = Debug|Any CPU
		{3DAA3B4D-4FA0-4690-88D5-774F75AE4ECD}.Release|Any CPU.ActiveCfg = Release|Any CPU
		{3DAA3B4D-4FA0-4690-88D5-774F75AE4ECD}.Release|Any CPU.Build.0 = Release|Any CPU
		{9BB27919-3081-41C8-869E-D39E962EC987}.Debug|Any CPU.ActiveCfg = Debug|Any CPU
		{9BB27919-3081-41C8-869E-D39E962EC987}.Debug|Any CPU.Build.0 = Debug|Any CPU
		{9BB27919-3081-41C8-869E-D39E962EC987}.Release|Any CPU.ActiveCfg = Release|Any CPU
		{9BB27919-3081-41C8-869E-D39E962EC987}.Release|Any CPU.Build.0 = Release|Any CPU
	EndGlobalSection
	GlobalSection(SolutionProperties) = preSolution
		HideSolutionNode = FALSE
	EndGlobalSection
	GlobalSection(NestedProjects) = preSolution
		{C00A6308-722B-4788-9912-B6A9BD216AD2} = {24ACD8F1-E56C-4164-96E7-CA04CCA80698}
		{1E8E5B7C-8FBC-4E85-ADC6-3EE86EE3D53A} = {0CD834A7-F850-4498-B145-F42EB2CB9EB3}
		{63ED7636-E200-4A23-84EE-3B1C74751CEA} = {0CD834A7-F850-4498-B145-F42EB2CB9EB3}
		{611E567F-1E44-4C2C-958F-D3FFF7CC5EF6} = {0CD834A7-F850-4498-B145-F42EB2CB9EB3}
		{A4D31250-884E-4BED-B184-9BFC005D5FE5} = {611E567F-1E44-4C2C-958F-D3FFF7CC5EF6}
		{3DAA3B4D-4FA0-4690-88D5-774F75AE4ECD} = {0CD834A7-F850-4498-B145-F42EB2CB9EB3}
		{9BB27919-3081-41C8-869E-D39E962EC987} = {0CD834A7-F850-4498-B145-F42EB2CB9EB3}
		{D895C6AF-A61D-4886-8869-37B46386B945} = {611E567F-1E44-4C2C-958F-D3FFF7CC5EF6}
		{49C9C5FC-2CB1-4164-B47B-6D0717C7787E} = {611E567F-1E44-4C2C-958F-D3FFF7CC5EF6}
	EndGlobalSection
	GlobalSection(ExtensibilityGlobals) = postSolution
		SolutionGuid = {527A3D23-5D06-4C79-8B58-8D76460277D0}
	EndGlobalSection
EndGlobal
